
Microsoft Visual Studio Solution File, Format Version 11.00
# Visual Studio 2010
Project("{8BC9CEB8-8B4A-11D0-8D11-00A0C91BC942}") = "theia", "theia\theia.vcxproj", "{72C1C2A6-2ED5-4EDB-A9FA-6707D10185ED}"
EndProject
Project("{8BC9CEB8-8B4A-11D0-8D11-00A0C91BC942}") = "theia_test", "theia_test\theia_test.vcxproj", "{4A4F95EA-AE4A-403B-A6E0-37E4CC5B10EF}"
	ProjectSection(ProjectDependencies) = postProject
		{72C1C2A6-2ED5-4EDB-A9FA-6707D10185ED} = {72C1C2A6-2ED5-4EDB-A9FA-6707D10185ED}
	EndProjectSection
EndProject
Project("{8BC9CEB8-8B4A-11D0-8D11-00A0C91BC942}") = "tryout", "tryout\tryout.vcxproj", "{E8AC7A22-90EF-4C86-AA69-FDD3E0C13E3F}"
EndProject
Project("{8BC9CEB8-8B4A-11D0-8D11-00A0C91BC942}") = "x", "x\x.vcxproj", "{2538508F-C8C6-41CF-86E9-2EEA8733FF60}"
EndProject
Project("{8BC9CEB8-8B4A-11D0-8D11-00A0C91BC942}") = "resources", "resources\resources.vcxproj", "{593BD14E-B402-4419-B969-FAFFA08195B6}"
EndProject
Project("{8BC9CEB8-8B4A-11D0-8D11-00A0C91BC942}") = "obj_converter", "obj_converter\obj_converter.vcxproj", "{6112CB53-9AE5-4158-A83A-E19C98E56D03}"
EndProject
Global
	GlobalSection(SolutionConfigurationPlatforms) = preSolution
		Debug|Win32 = Debug|Win32
		Release|Win32 = Release|Win32
	EndGlobalSection
	GlobalSection(ProjectConfigurationPlatforms) = postSolution
		{72C1C2A6-2ED5-4EDB-A9FA-6707D10185ED}.Debug|Win32.ActiveCfg = Debug|Win32
		{72C1C2A6-2ED5-4EDB-A9FA-6707D10185ED}.Debug|Win32.Build.0 = Debug|Win32
		{72C1C2A6-2ED5-4EDB-A9FA-6707D10185ED}.Release|Win32.ActiveCfg = Release|Win32
		{72C1C2A6-2ED5-4EDB-A9FA-6707D10185ED}.Release|Win32.Build.0 = Release|Win32
		{4A4F95EA-AE4A-403B-A6E0-37E4CC5B10EF}.Debug|Win32.ActiveCfg = Debug|Win32
		{4A4F95EA-AE4A-403B-A6E0-37E4CC5B10EF}.Debug|Win32.Build.0 = Debug|Win32
		{4A4F95EA-AE4A-403B-A6E0-37E4CC5B10EF}.Release|Win32.ActiveCfg = Release|Win32
		{4A4F95EA-AE4A-403B-A6E0-37E4CC5B10EF}.Release|Win32.Build.0 = Release|Win32
		{E8AC7A22-90EF-4C86-AA69-FDD3E0C13E3F}.Debug|Win32.ActiveCfg = Debug|Win32
		{E8AC7A22-90EF-4C86-AA69-FDD3E0C13E3F}.Release|Win32.ActiveCfg = Release|Win32
		{E8AC7A22-90EF-4C86-AA69-FDD3E0C13E3F}.Release|Win32.Build.0 = Release|Win32
		{2538508F-C8C6-41CF-86E9-2EEA8733FF60}.Debug|Win32.ActiveCfg = Debug|Win32
		{2538508F-C8C6-41CF-86E9-2EEA8733FF60}.Release|Win32.ActiveCfg = Release|Win32
		{2538508F-C8C6-41CF-86E9-2EEA8733FF60}.Release|Win32.Build.0 = Release|Win32
		{593BD14E-B402-4419-B969-FAFFA08195B6}.Debug|Win32.ActiveCfg = Debug|Win32
		{593BD14E-B402-4419-B969-FAFFA08195B6}.Release|Win32.ActiveCfg = Release|Win32
		{593BD14E-B402-4419-B969-FAFFA08195B6}.Release|Win32.Build.0 = Release|Win32
		{6112CB53-9AE5-4158-A83A-E19C98E56D03}.Debug|Win32.ActiveCfg = Debug|Win32
		{6112CB53-9AE5-4158-A83A-E19C98E56D03}.Release|Win32.ActiveCfg = Release|Win32
		{6112CB53-9AE5-4158-A83A-E19C98E56D03}.Release|Win32.Build.0 = Release|Win32
	EndGlobalSection
	GlobalSection(SolutionProperties) = preSolution
		HideSolutionNode = FALSE
	EndGlobalSection
EndGlobal
